{
  "version": 4,
  "terraform_version": "1.6.6",
  "serial": 7,
  "lineage": "e8008e18-72ae-d8ac-4938-e88424f8e63a",
  "outputs": {
    "default": {
      "value": "104.198.39.28",
      "type": "string"
    }
  },
  "resources": [
    {
      "mode": "managed",
      "type": "google_container_cluster",
      "name": "mi_cluster",
      "provider": "provider[\"registry.terraform.io/hashicorp/google\"]",
      "instances": [
        {
          "schema_version": 2,
          "attributes": {
            "addons_config": [
              {
                "cloudrun_config": [],
                "config_connector_config": [],
                "dns_cache_config": [],
                "gce_persistent_disk_csi_driver_config": [
                  {
                    "enabled": true
                  }
                ],
                "gcp_filestore_csi_driver_config": [],
                "gcs_fuse_csi_driver_config": [],
                "gke_backup_agent_config": [],
                "horizontal_pod_autoscaling": [],
                "http_load_balancing": [],
                "network_policy_config": [
                  {
                    "disabled": true
                  }
                ]
              }
            ],
            "allow_net_admin": null,
            "authenticator_groups_config": [],
            "binary_authorization": [
              {
                "enabled": false,
                "evaluation_mode": ""
              }
            ],
            "cluster_autoscaling": [
              {
                "auto_provisioning_defaults": [],
                "autoscaling_profile": "BALANCED",
                "enabled": false,
                "resource_limits": []
              }
            ],
            "cluster_ipv4_cidr": "10.32.0.0/14",
            "confidential_nodes": [],
            "cost_management_config": [],
            "database_encryption": [
              {
                "key_name": "",
                "state": "DECRYPTED"
              }
            ],
            "datapath_provider": "",
            "default_max_pods_per_node": 110,
            "default_snat_status": [
              {
                "disabled": false
              }
            ],
            "deletion_protection": false,
            "description": "",
            "dns_config": [],
            "enable_autopilot": false,
            "enable_intranode_visibility": false,
            "enable_k8s_beta_apis": [],
            "enable_kubernetes_alpha": false,
            "enable_l4_ilb_subsetting": false,
            "enable_legacy_abac": false,
            "enable_shielded_nodes": true,
            "enable_tpu": false,
            "endpoint": "104.198.39.28",
            "fleet": [],
            "gateway_api_config": [],
            "id": "projects/proyecto-final-gcp-410014/locations/us-central1-f/clusters/cluster-proyecto-final-kubernetes",
            "identity_service_config": [],
            "initial_node_count": 0,
            "ip_allocation_policy": [
              {
                "additional_pod_ranges_config": [],
                "cluster_ipv4_cidr_block": "10.32.0.0/14",
                "cluster_secondary_range_name": "gke-cluster-proyecto-final-kubernetes-pods-3e483524",
                "pod_cidr_overprovision_config": [
                  {
                    "disabled": false
                  }
                ],
                "services_ipv4_cidr_block": "10.36.0.0/20",
                "services_secondary_range_name": "gke-cluster-proyecto-final-kubernetes-services-3e483524",
                "stack_type": "IPV4"
              }
            ],
            "label_fingerprint": "a9dc16a7",
            "location": "us-central1-f",
            "logging_config": [
              {
                "enable_components": [
                  "SYSTEM_COMPONENTS",
                  "WORKLOADS"
                ]
              }
            ],
            "logging_service": "logging.googleapis.com/kubernetes",
            "maintenance_policy": [],
            "master_auth": [
              {
                "client_certificate": "",
                "client_certificate_config": [
                  {
                    "issue_client_certificate": false
                  }
                ],
                "client_key": "",
                "cluster_ca_certificate": "LS0tLS1CRUdJTiBDRVJUSUZJQ0FURS0tLS0tCk1JSUVMVENDQXBXZ0F3SUJBZ0lSQU9zK2tYZ0VUVk9UYjgydk83SWZYa293RFFZSktvWklodmNOQVFFTEJRQXcKTHpFdE1Dc0dBMVVFQXhNa05ESXhZVE5qWXpjdE5XRmlOUzAwWVdWbUxXSTNORFF0TW1GbE1tRTNZamczT0RBMgpNQ0FYRFRJME1ERXdNakUyTVRNeU9Wb1lEekl3TlRNeE1qSTFNVGN4TXpJNVdqQXZNUzB3S3dZRFZRUURFeVEwCk1qRmhNMk5qTnkwMVlXSTFMVFJoWldZdFlqYzBOQzB5WVdVeVlUZGlPRGM0TURZd2dnR2lNQTBHQ1NxR1NJYjMKRFFFQkFRVUFBNElCandBd2dnR0tBb0lCZ1FDdWFzanBIYko2aDh3cERWWFNBYnhBNC95eHZJejdLWG9aL2tvWgpYZXhlb2toMS9XS21qQ0ZON1o2OTAzbkJXQzkwcjI4dXk0ejVWUDhaNjBDWk1XWXRoSzJZU3lWY1JLRkx0VTJECktkV0l1MnhMT09OM0thNUQ5ZjBFaksydTZ2RE9EVUhmNHpwZzlvemp0NnlXdzVqdjFMSjFtR2pUWmdMYUdDQlcKQlBEeHVWaEpVaGFtYWx4alpZdnlZSmdteFB5c1NLeldvbFRDVU1MNEJrOWlOMTd4QXVjcVg5dlY2ODZpTlZHeQpJNU00aWgvdm95dHZ6dy9mVG5YRURrenk5Y0g5MWI1eHh0R29oSzl2aUNJZVVzSDlQcUpmNGJHZ0s4UENudis5CkFOZ1NFTXNvZzVNZWVmN2lMTmZGNXlvOU4vVWszQXhXcEkyMEExaHV3OEk3S0UwdG9yelkxZ2c3a09qYkZTc04KcGk1cEViRFJsUll0R0ZJTVpZMkQrM0p6dTdFL3ZWVk9uMlBkajYvWHFKNTAyZGRZT2ZmRVRuUXNuRFB6a0d0SwplY1E3cEdwMG9kU1cvZTdZekNIc2dtTTJyZTkwNVVPTTVJSUlLbmtIb3B5YWVvSmY5MDJRK1ZNV3J2L2ZFR1pFCmo5Q2MxdTE0QkV3dXFaRVdkbmM5TVd1OVFDY0NBd0VBQWFOQ01FQXdEZ1lEVlIwUEFRSC9CQVFEQWdJRU1BOEcKQTFVZEV3RUIvd1FGTUFNQkFmOHdIUVlEVlIwT0JCWUVGSWcwUm1LTHRDTm1IUGRYRkh4bld6YXlWNVFJTUEwRwpDU3FHU0liM0RRRUJDd1VBQTRJQmdRQUN5R3cvbSt1Ly8xdFJXVTdzeXBjbzNFUkNsOU0xNGQ0bDN5czNVSU5PCmY3YmtGaUNTa3V4Z3ZJMnVxTDhaVk56dEtuQ2NZYndMbHFlRGN2TXB3ZXA4U2wwNHNzbUZMTkZRclN4QXRrb2sKRktKR21zSWFmZnpsYUlRbnY3WUxuYXlZd2ZnZmhEeDRCeGFkNzRDRWhxWGZTU3Brb3FoL0h4V1ExeUcyczNyZAp1NGs3bWJUNHNNQWVudHoxNEhNU0YxeHZEQWttaDlTdHJGaXFXU1RCa3JNa2dFZ1gxcnI4dW5EclpJSEQzQnB0CnM1WlNxKzU0ZlQ3WllpYkdaYnR4cFVxTnEreVJTcXlEcTdRWGpldk0waXdqWkc0ZDM3RHk5M1JUYWpjU2pPcXYKUzhYTE9vam0vR01OQ1JXZTVQcFEzTUhzNXFGRlpaMFVVcmhkZWwwTlU5U0lJYnhmRE9vS3hlNk1idkZjaFJKVQpaNjBzVUZaWVd2ZVk4bE1BTlRmVUN1eS9PVUlRa3g2b1BoKzJJR3VOTVptM3V5RFlsdjFjUzkzN1ZydGNwdnMrCnV5RlNYSGtPV3BSYUdtMHFZbDlzQThNRnc2dlltdGNVTmZnU1VKSDh3MmQwZnA0Mnp0TVpROTZvWUxneVhPQUMKcXAxczZ6Q3BOeitDV0wvVmhWdTdNNnc9Ci0tLS0tRU5EIENFUlRJRklDQVRFLS0tLS0K"
              }
            ],
            "master_authorized_networks_config": [],
            "master_version": "1.27.3-gke.100",
            "mesh_certificates": [],
            "min_master_version": null,
            "monitoring_config": [
              {
                "advanced_datapath_observability_config": [
                  {
                    "enable_metrics": false,
                    "relay_mode": ""
                  }
                ],
                "enable_components": [
                  "SYSTEM_COMPONENTS"
                ],
                "managed_prometheus": [
                  {
                    "enabled": true
                  }
                ]
              }
            ],
            "monitoring_service": "monitoring.googleapis.com/kubernetes",
            "name": "cluster-proyecto-final-kubernetes",
            "network": "projects/proyecto-final-gcp-410014/global/networks/default",
            "network_policy": [
              {
                "enabled": false,
                "provider": "PROVIDER_UNSPECIFIED"
              }
            ],
            "networking_mode": "VPC_NATIVE",
            "node_config": [],
            "node_locations": [],
            "node_pool": [],
            "node_pool_auto_config": [],
            "node_pool_defaults": [
              {
                "node_config_defaults": [
                  {
                    "logging_variant": "DEFAULT"
                  }
                ]
              }
            ],
            "node_version": "1.27.3-gke.100",
            "notification_config": [
              {
                "pubsub": [
                  {
                    "enabled": false,
                    "filter": [],
                    "topic": ""
                  }
                ]
              }
            ],
            "operation": null,
            "private_cluster_config": [
              {
                "enable_private_endpoint": false,
                "enable_private_nodes": false,
                "master_global_access_config": [
                  {
                    "enabled": false
                  }
                ],
                "master_ipv4_cidr_block": "",
                "peering_name": "",
                "private_endpoint": "10.128.0.4",
                "private_endpoint_subnetwork": "",
                "public_endpoint": "104.198.39.28"
              }
            ],
            "private_ipv6_google_access": "",
            "project": "proyecto-final-gcp-410014",
            "release_channel": [
              {
                "channel": "REGULAR"
              }
            ],
            "remove_default_node_pool": true,
            "resource_labels": null,
            "resource_usage_export_config": [],
            "security_posture_config": [
              {
                "mode": "BASIC",
                "vulnerability_mode": "VULNERABILITY_MODE_UNSPECIFIED"
              }
            ],
            "self_link": "https://container.googleapis.com/v1/projects/proyecto-final-gcp-410014/zones/us-central1-f/clusters/cluster-proyecto-final-kubernetes",
            "service_external_ips_config": [
              {
                "enabled": false
              }
            ],
            "services_ipv4_cidr": "10.36.0.0/20",
            "subnetwork": "projects/proyecto-final-gcp-410014/regions/us-central1/subnetworks/default",
            "timeouts": null,
            "tpu_ipv4_cidr_block": "",
            "vertical_pod_autoscaling": [],
            "workload_identity_config": []
          },
          "sensitive_attributes": [],
          "private": "eyJlMmJmYjczMC1lY2FhLTExZTYtOGY4OC0zNDM2M2JjN2M0YzAiOnsiY3JlYXRlIjoyNDAwMDAwMDAwMDAwLCJkZWxldGUiOjI0MDAwMDAwMDAwMDAsInJlYWQiOjI0MDAwMDAwMDAwMDAsInVwZGF0ZSI6MzYwMDAwMDAwMDAwMH0sInNjaGVtYV92ZXJzaW9uIjoiMiJ9"
        }
      ]
    }
  ],
  "check_results": null
}
